{
  "originHash" : "3609cab617a450ea62b27feec834062b6b82266f7cef7898b38abf37892b0de7",
  "pins" : [
    {
      "identity" : "grdb.swift",
      "kind" : "remoteSourceControl",
      "location" : "https://github.com/groue/GRDB.swift.git",
      "state" : {
        "revision" : "9ed8c8457e00ff9c7aedb3bf213f20a2cfdf509e",
        "version" : "7.11.0"
      }
    }
  ],
  "version" : 3
}
